
Microsoft Visual Studio Solution File, Format Version 12.00
# Visual Studio Version 17
VisualStudioVersion = 17.5.001.0
MinimumVisualStudioVersion = 10.0.40219.1
Project("{9A19103F-16F7-4668-BE54-9A1E7A4F7556}") = "OsDsII.api", "OsDsII.api.csproj", "{3B24FD7B-A39A-470C-852D-3A378A5A822F}"
EndProject
Global
	GlobalSection(SolutionConfigurationPlatforms) = preSolution
		Debug|Any CPU = Debug|Any CPU
		Release|Any CPU = Release|Any CPU
	EndGlobalSection
	GlobalSection(ProjectConfigurationPlatforms) = postSolution
		{3B24FD7B-A39A-470C-852D-3A378A5A822F}.Debug|Any CPU.ActiveCfg = Debug|Any CPU
		{3B24FD7B-A39A-470C-852D-3A378A5A822F}.Debug|Any CPU.Build.0 = Debug|Any CPU
		{3B24FD7B-A39A-470C-852D-3A378A5A822F}.Release|Any CPU.ActiveCfg = Release|Any CPU
		{3B24FD7B-A39A-470C-852D-3A378A5A822F}.Release|Any CPU.Build.0 = Release|Any CPU
	EndGlobalSection
	GlobalSection(SolutionProperties) = preSolution
		HideSolutionNode = FALSE
	EndGlobalSection
	GlobalSection(ExtensibilityGlobals) = postSolution
		SolutionGuid = {2C93311C-512D-49FF-9479-F8A8059E5A7D}
	EndGlobalSection
EndGlobal
